
Microsoft Visual Studio Solution File, Format Version 12.00
# Visual Studio Version 17
VisualStudioVersion = 17.11.35312.102
MinimumVisualStudioVersion = 10.0.40219.1
Project("{9A19103F-16F7-4668-BE54-9A1E7A4F7556}") = "RetailUI", "RetailUI\RetailUI.csproj", "{F20D90B4-9A2F-46FE-9273-034C6B410892}"
EndProject
Project("{9A19103F-16F7-4668-BE54-9A1E7A4F7556}") = "Domain", "Domain\Domain.csproj", "{5AD6BE24-B613-4B84-9268-44023E86996B}"
	ProjectSection(ProjectDependencies) = postProject
		{F20D90B4-9A2F-46FE-9273-034C6B410892} = {F20D90B4-9A2F-46FE-9273-034C6B410892}
	EndProjectSection
EndProject
Global
	GlobalSection(SolutionConfigurationPlatforms) = preSolution
		Debug|Any CPU = Debug|Any CPU
		Release|Any CPU = Release|Any CPU
	EndGlobalSection
	GlobalSection(ProjectConfigurationPlatforms) = postSolution
		{F20D90B4-9A2F-46FE-9273-034C6B410892}.Debug|Any CPU.ActiveCfg = Debug|Any CPU
		{F20D90B4-9A2F-46FE-9273-034C6B410892}.Debug|Any CPU.Build.0 = Debug|Any CPU
		{F20D90B4-9A2F-46FE-9273-034C6B410892}.Release|Any CPU.ActiveCfg = Release|Any CPU
		{F20D90B4-9A2F-46FE-9273-034C6B410892}.Release|Any CPU.Build.0 = Release|Any CPU
		{5AD6BE24-B613-4B84-9268-44023E86996B}.Debug|Any CPU.ActiveCfg = Debug|Any CPU
		{5AD6BE24-B613-4B84-9268-44023E86996B}.Debug|Any CPU.Build.0 = Debug|Any CPU
		{5AD6BE24-B613-4B84-9268-44023E86996B}.Release|Any CPU.ActiveCfg = Release|Any CPU
		{5AD6BE24-B613-4B84-9268-44023E86996B}.Release|Any CPU.Build.0 = Release|Any CPU
	EndGlobalSection
	GlobalSection(SolutionProperties) = preSolution
		HideSolutionNode = FALSE
	EndGlobalSection
	GlobalSection(ExtensibilityGlobals) = postSolution
		SolutionGuid = {B367F368-C3C6-45EE-A44D-F74C56A2D487}
	EndGlobalSection
EndGlobal
